Microsoft Visual Studio Solution File, Format Version 12.00
# Visual Studio Version 17
VisualStudioVersion = 17.8.0.0
MinimumVisualStudioVersion = 17.8.0.0
Project("{9A19103F-16F7-4668-BE54-9A1E7A4F7556}") = "AgentsHub.AppHost", "AgentsHub.AppHost\AgentsHub.AppHost.csproj", "{BE0DB346-09E4-4A37-860B-5DB147F5B90E}"
EndProject
Project("{9A19103F-16F7-4668-BE54-9A1E7A4F7556}") = "AgentsHub.ServiceDefaults", "AgentsHub.ServiceDefaults\AgentsHub.ServiceDefaults.csproj", "{0A153407-0D55-409C-A54C-6B45C62448B8}"
EndProject
Project("{9A19103F-16F7-4668-BE54-9A1E7A4F7556}") = "AgentsHub.ApiService", "AgentsHub.ApiService\AgentsHub.ApiService.csproj", "{845919FA-E1F0-4146-A530-8AFDE270558F}"
EndProject
Project("{9A19103F-16F7-4668-BE54-9A1E7A4F7556}") = "AgentsHub.Tests", "AgentsHub.Tests\AgentsHub.Tests.csproj", "{5796A745-4EC9-4847-8C1E-022FE0B06F3D}"
EndProject
Project("{FAE04EC0-301F-11D3-BF4B-00C04F79EFBC}") = "AgentsHub.Web", "AgentsHub.Web\AgentsHub.Web.csproj", "{3666875C-DF7B-4C5F-B270-C1F2A00FC156}"
EndProject
Project("{FAE04EC0-301F-11D3-BF4B-00C04F79EFBC}") = "AgentsHub.Data", "AgentsHub.Data\AgentsHub.Data.csproj", "{47340B5D-B5D0-4DA4-A5B3-34B090B6AB67}"
EndProject
Global
	GlobalSection(SolutionConfigurationPlatforms) = preSolution
		Debug|Any CPU = Debug|Any CPU
		Release|Any CPU = Release|Any CPU
	EndGlobalSection
	GlobalSection(ProjectConfigurationPlatforms) = postSolution
		{BE0DB346-09E4-4A37-860B-5DB147F5B90E}.Debug|Any CPU.ActiveCfg = Debug|Any CPU
		{BE0DB346-09E4-4A37-860B-5DB147F5B90E}.Debug|Any CPU.Build.0 = Debug|Any CPU
		{BE0DB346-09E4-4A37-860B-5DB147F5B90E}.Release|Any CPU.ActiveCfg = Release|Any CPU
		{BE0DB346-09E4-4A37-860B-5DB147F5B90E}.Release|Any CPU.Build.0 = Release|Any CPU
		{0A153407-0D55-409C-A54C-6B45C62448B8}.Debug|Any CPU.ActiveCfg = Debug|Any CPU
		{0A153407-0D55-409C-A54C-6B45C62448B8}.Debug|Any CPU.Build.0 = Debug|Any CPU
		{0A153407-0D55-409C-A54C-6B45C62448B8}.Release|Any CPU.ActiveCfg = Release|Any CPU
		{0A153407-0D55-409C-A54C-6B45C62448B8}.Release|Any CPU.Build.0 = Release|Any CPU
		{845919FA-E1F0-4146-A530-8AFDE270558F}.Debug|Any CPU.ActiveCfg = Debug|Any CPU
		{845919FA-E1F0-4146-A530-8AFDE270558F}.Debug|Any CPU.Build.0 = Debug|Any CPU
		{845919FA-E1F0-4146-A530-8AFDE270558F}.Release|Any CPU.ActiveCfg = Release|Any CPU
		{845919FA-E1F0-4146-A530-8AFDE270558F}.Release|Any CPU.Build.0 = Release|Any CPU
		{5796A745-4EC9-4847-8C1E-022FE0B06F3D}.Debug|Any CPU.ActiveCfg = Debug|Any CPU
		{5796A745-4EC9-4847-8C1E-022FE0B06F3D}.Debug|Any CPU.Build.0 = Debug|Any CPU
		{5796A745-4EC9-4847-8C1E-022FE0B06F3D}.Release|Any CPU.ActiveCfg = Release|Any CPU
		{5796A745-4EC9-4847-8C1E-022FE0B06F3D}.Release|Any CPU.Build.0 = Release|Any CPU
		{3666875C-DF7B-4C5F-B270-C1F2A00FC156}.Debug|Any CPU.ActiveCfg = Debug|Any CPU
		{3666875C-DF7B-4C5F-B270-C1F2A00FC156}.Debug|Any CPU.Build.0 = Debug|Any CPU
		{3666875C-DF7B-4C5F-B270-C1F2A00FC156}.Release|Any CPU.ActiveCfg = Release|Any CPU
		{3666875C-DF7B-4C5F-B270-C1F2A00FC156}.Release|Any CPU.Build.0 = Release|Any CPU
		{47340B5D-B5D0-4DA4-A5B3-34B090B6AB67}.Debug|Any CPU.ActiveCfg = Debug|Any CPU
		{47340B5D-B5D0-4DA4-A5B3-34B090B6AB67}.Debug|Any CPU.Build.0 = Debug|Any CPU
		{47340B5D-B5D0-4DA4-A5B3-34B090B6AB67}.Release|Any CPU.ActiveCfg = Release|Any CPU
		{47340B5D-B5D0-4DA4-A5B3-34B090B6AB67}.Release|Any CPU.Build.0 = Release|Any CPU
	EndGlobalSection
	GlobalSection(SolutionProperties) = preSolution
		HideSolutionNode = FALSE
	EndGlobalSection
	GlobalSection(ExtensibilityGlobals) = postSolution
		SolutionGuid = {7132D122-CD4D-46E7-8074-91768CB47ABD}
	EndGlobalSection
EndGlobal
